{
  "lockfileVersion": 1,
  "configVersion": 1,
  "workspaces": {
    "": {
      "name": "fabrik-cli",
      "dependencies": {
        "@clack/prompts": "^1.6.0",
        "@ur-wesley/ts-prelude": "latest",
        "commander": "^15.0.0",
        "valibot": "^1.4.1",
      },
      "devDependencies": {
        "@biomejs/biome": "^2.5.0",
        "@types/bun": "latest",
        "oxfmt": "^0.55.0",
        "oxlint": "^1.70.0",
      },
    },
  },
  "packages": {
    "@biomejs/biome": ["@biomejs/biome@2.5.0", "", { "optionalDependencies": { "@biomejs/cli-darwin-arm64": "2.5.0", "@biomejs/cli-darwin-x64": "2.5.0", "@biomejs/cli-linux-arm64": "2.5.0", "@biomejs/cli-linux-arm64-musl": "2.5.0", "@biomejs/cli-linux-x64": "2.5.0", "@biomejs/cli-linux-x64-musl": "2.5.0", "@biomejs/cli-win32-arm64": "2.5.0", "@biomejs/cli-win32-x64": "2.5.0" }, "bin": { "biome": "bin/biome" } }, "sha512-4kURkd9hAPrdDM3C9n82ycYgx8hvQcW6MjKTEejruj8rK0N8P3OPpdy8BvI8kt3KWY4ycF5XtDOrktetEfhfuw=="],

    "@biomejs/cli-darwin-arm64": ["@biomejs/cli-darwin-arm64@2.5.0", "", { "os": "darwin", "cpu": "arm64" }, "sha512-Mn3Fwi3SA5fgmfCPqmzpWF2DLZnms3BVAhM088nTnGrTZmHS3wwIjcoZPqpXeNgd3DrrLH6xp8vTLIBuJoZiXw=="],

    "@biomejs/cli-darwin-x64": ["@biomejs/cli-darwin-x64@2.5.0", "", { "os": "darwin", "cpu": "x64" }, "sha512-rg3VPL5P8mYro6pqlXYXuJWph21slVp3SZtAqWSrkZs40d2gTzYmHF8E/X1iTID25btmNKltNDJ926sqVBp7DQ=="],

    "@biomejs/cli-linux-arm64": ["@biomejs/cli-linux-arm64@2.5.0", "", { "os": "linux", "cpu": "arm64" }, "sha512-tl+LW8fdD96/xdeWtWwc82LIOc5CoY7N2AsogLTp5R4ECErYt+8Jl/N68ezN9vzSiqPTxw6vjcihoLPYKZHrlw=="],

    "@biomejs/cli-linux-arm64-musl": ["@biomejs/cli-linux-arm64-musl@2.5.0", "", { "os": "linux", "cpu": "arm64" }, "sha512-vQdM4oSGaf7ZNeGO9w5+Y8SBtyser9M6znxYbm7Ec8wInxJu1WiKxFYZW5Auj2d80bcVvefuGGRxoFOE0eee8g=="],

    "@biomejs/cli-linux-x64": ["@biomejs/cli-linux-x64@2.5.0", "", { "os": "linux", "cpu": "x64" }, "sha512-zpEGf4RQbFEh8Vt7OmavLyyOzRbtcE9osCqrS1kfvt8jDvxwhKXLSf7n0ebr/ov0RJ9ssP+lhs6C8a9WwFvrQA=="],

    "@biomejs/cli-linux-x64-musl": ["@biomejs/cli-linux-x64-musl@2.5.0", "", { "os": "linux", "cpu": "x64" }, "sha512-+9hIcMngJ+yGUahXqZuZ8CoWKJE9SAZsFsM3QDvXpNsLbXZ9lqVzgBhOk/jTSYkOA0GLP9eu3teukqpLUojHMg=="],

    "@biomejs/cli-win32-arm64": ["@biomejs/cli-win32-arm64@2.5.0", "", { "os": "win32", "cpu": "arm64" }, "sha512-jB0wAvTLI4itx5VidqVUejPQFhRUxiZ9l9FvZ26D5fl6t3qme+ZB4PD3bTSeL1vZ8NI2Rx/zj6H9zcESuGHKGw=="],

    "@biomejs/cli-win32-x64": ["@biomejs/cli-win32-x64@2.5.0", "", { "os": "win32", "cpu": "x64" }, "sha512-VT/lF+GId+67j8aDfLkxdxNoVApsPSTbyAtB3jJq0IWTrY77WXfbPfpngxq0bA6JCEv/7k8C9qWjDRKRznDlyw=="],

    "@clack/core": ["@clack/core@1.4.2", "", { "dependencies": { "fast-wrap-ansi": "^0.2.0", "sisteransi": "^1.0.5" } }, "sha512-0Ty/1Gfm+Kb07sXcuESjyKfwEhSy4Ns1AgeEisHb/bDY5fWme0tTeTkU14T1Gmcs17YIjB/teiDe4uaCghbYqQ=="],

    "@clack/prompts": ["@clack/prompts@1.6.0", "", { "dependencies": { "@clack/core": "1.4.2", "fast-string-width": "^3.0.2", "fast-wrap-ansi": "^0.2.0", "sisteransi": "^1.0.5" } }, "sha512-EYlRokl8szrP9Z25qT5aepMdBjzBvHF9ZEhzIiUBc9guz/T31EqRgvD0QSgZcpE93xiwrr+OkB4nz0BZyF6fSA=="],

    "@oxfmt/binding-android-arm-eabi": ["@oxfmt/binding-android-arm-eabi@0.55.0", "", { "os": "android", "cpu": "arm" }, "sha512-+rFDOqQe5LOWgxrAJaZgLRudr6GQm0wGI6gtu7vVkrdLGjNMUSGbAlaCr8j7F2H2Er97vYQCU8WDb30onqMM1g=="],

    "@oxfmt/binding-android-arm64": ["@oxfmt/binding-android-arm64@0.55.0", "", { "os": "android", "cpu": "arm64" }, "sha512-ctulLq8s3x8Zmvw6+iccB09TIKERAklRSmbJ10gk8mlAn05qZxoyo52dj3Hi9IJcmDSwF54fQaTVh2CbL6PInw=="],

    "@oxfmt/binding-darwin-arm64": ["@oxfmt/binding-darwin-arm64@0.55.0", "", { "os": "darwin", "cpu": "arm64" }, "sha512-xDQczLH9pw/RBk1h/GH0qcGMm8hQtmtVHBNLSH3lk1gEIR09hZ4L+mJQl4VqiVAvPK9VG9PYrWWuSQLt7xTbiA=="],

    "@oxfmt/binding-darwin-x64": ["@oxfmt/binding-darwin-x64@0.55.0", "", { "os": "darwin", "cpu": "x64" }, "sha512-JaNoFCkF2CJdGgpPSMbuO9HVyXyoNGIhMHPvp6NYAjeVKw9XEYc0HcUWJLPQa3Q69WV5wMa9m5jPMJPtbLtcRg=="],

    "@oxfmt/binding-freebsd-x64": ["@oxfmt/binding-freebsd-x64@0.55.0", "", { "os": "freebsd", "cpu": "x64" }, "sha512-DNbszhpg6S2MIzax5azdHFTTBIVkR5xr8yyRZuA4yoDAwOkzIp3tmldgKZM2+VlT+hJIG0xUksA+elISzMEAfA=="],

    "@oxfmt/binding-linux-arm-gnueabihf": ["@oxfmt/binding-linux-arm-gnueabihf@0.55.0", "", { "os": "linux", "cpu": "arm" }, "sha512-2snoaoRfFFyGnbOcKUK36rREBYxe/Xgz3uHbiA5zbCB/s6R4DQj4mHqYAaWWhgizCUSDxV8cE9zAZ0XleNpKGw=="],

    "@oxfmt/binding-linux-arm-musleabihf": ["@oxfmt/binding-linux-arm-musleabihf@0.55.0", "", { "os": "linux", "cpu": "arm" }, "sha512-q1aktHF/WRpSK81BX1dE/9vWrS2jGw1Nax2kb4DBLGAewubCLcoNyp4Zl/NSMgbv3vUS46Z33wIQkBVYOP3PYg=="],

    "@oxfmt/binding-linux-arm64-gnu": ["@oxfmt/binding-linux-arm64-gnu@0.55.0", "", { "os": "linux", "cpu": "arm64" }, "sha512-VD0y36aENezl/3tsclA/4G53Cc7iV+7Uoh7gz4yvcOTaEYBtJpQsE6PKDGTtUtOvGS4kv51ybfXY/nWZejO5IA=="],

    "@oxfmt/binding-linux-arm64-musl": ["@oxfmt/binding-linux-arm64-musl@0.55.0", "", { "os": "linux", "cpu": "arm64" }, "sha512-r8xlKJFcsRmn0H5jZrdORae6RX9jDBrZVvOoxF+bCQtampQJClv80aZEHsv+NsLsp2KCE5ql79O7DpPVzYWpXA=="],

    "@oxfmt/binding-linux-ppc64-gnu": ["@oxfmt/binding-linux-ppc64-gnu@0.55.0", "", { "os": "linux", "cpu": "ppc64" }, "sha512-GRKv/HXHcwIVld/WU61rF0g0R16hl5EJ+ScKdpjevT57lnLnagj/U2YUbXf2mT+2Pg1uCzWC+mvGicPV3CDdLQ=="],

    "@oxfmt/binding-linux-riscv64-gnu": ["@oxfmt/binding-linux-riscv64-gnu@0.55.0", "", { "os": "linux", "cpu": "none" }, "sha512-rdv57enTiPtpSYRMKfAiEbQb0Puw5t9N7isVinDoo5qeLDScro2gznmZqSgSWbVZRzLisTeCTW8Qwgw0bOHv3A=="],

    "@oxfmt/binding-linux-riscv64-musl": ["@oxfmt/binding-linux-riscv64-musl@0.55.0", "", { "os": "linux", "cpu": "none" }, "sha512-7v1nNrlD43VY6+sYQ6efYyb3lE6QY182304PD/768ZxTjOmFd/3dQa3u/nGBUAXYdGSWOQc5N3PnS0QzUXyEIA=="],

    "@oxfmt/binding-linux-s390x-gnu": ["@oxfmt/binding-linux-s390x-gnu@0.55.0", "", { "os": "linux", "cpu": "s390x" }, "sha512-f4lJLUSPOgScjFl9LiflKCTocyNRwE25JmTMbN4XQdDjoZzEHjqf3wA3VESF1/csg7i8m7+EQLbrZyYDqe10UQ=="],

    "@oxfmt/binding-linux-x64-gnu": ["@oxfmt/binding-linux-x64-gnu@0.55.0", "", { "os": "linux", "cpu": "x64" }, "sha512-MihqiPziJNoWy4MqNSV+jVA1g+07iQDjZiR0vaCaDoPgFEiJpCMsxamktzLV07cEeQsSJ04vQaU4CzCQwIvtDA=="],

    "@oxfmt/binding-linux-x64-musl": ["@oxfmt/binding-linux-x64-musl@0.55.0", "", { "os": "linux", "cpu": "x64" }, "sha512-Yqghym7KYAVjP9MmSrNZiDeerMuoejNjo0r3ox5H3GDKk8eAfl8VyJm9i+pWCLDCTnAbcTUMMN2ZKjUYXH1v3g=="],

    "@oxfmt/binding-openharmony-arm64": ["@oxfmt/binding-openharmony-arm64@0.55.0", "", { "os": "none", "cpu": "arm64" }, "sha512-s5SDvVVSbyQl1V5UU3Yl12M+XLUQ3rl5SglNqgAA2K4PXUtQhyNSS00wivONPEnNo5W01rCou8WkDNyvI/RGHg=="],

    "@oxfmt/binding-win32-arm64-msvc": ["@oxfmt/binding-win32-arm64-msvc@0.55.0", "", { "os": "win32", "cpu": "arm64" }, "sha512-7p9FB5R32tw2KyyNX3wpQrR2WHwEHvMEiBlGXxeTCaRMCVNx3UtFMAUbaQ/pRNWIrEUZmYhJ6tcUH52uPTRYjQ=="],

    "@oxfmt/binding-win32-ia32-msvc": ["@oxfmt/binding-win32-ia32-msvc@0.55.0", "", { "os": "win32", "cpu": "ia32" }, "sha512-ZYqj3fDnOT1IaVGMP5kpmkQl4F3tQIm2ZyAxvqkJYmI0xgWWak4ss4XYwv3VDfM+TWXeC9K4uQ/wW5jm/5XABA=="],

    "@oxfmt/binding-win32-x64-msvc": ["@oxfmt/binding-win32-x64-msvc@0.55.0", "", { "os": "win32", "cpu": "x64" }, "sha512-eEYT5tivGnGbPHuOHuQpi6CGLObhh0re/5jcNQHihD2GRYkTM85dyi5a19zjP8Q00t1uqAx+/QGLUGdHeqzWyg=="],

    "@oxlint/binding-android-arm-eabi": ["@oxlint/binding-android-arm-eabi@1.70.0", "", { "os": "android", "cpu": "arm" }, "sha512-zFh0P4cswmRvw6nkyb89dr18rRanuaCPAsEXsFDoQY8WdaquI8Pt4NWFjaMJg6L23cy5NeN8J9cBnREbWzZhaw=="],

    "@oxlint/binding-android-arm64": ["@oxlint/binding-android-arm64@1.70.0", "", { "os": "android", "cpu": "arm64" }, "sha512-qI8o4HZjeGiBrWv+pJv4lH0Yi2Gl/JSp/EumBUApezJprIKa5PS4nU0lQsQngtky8k+SplQIOjv6hwu0SSxeyg=="],

    "@oxlint/binding-darwin-arm64": ["@oxlint/binding-darwin-arm64@1.70.0", "", { "os": "darwin", "cpu": "arm64" }, "sha512-8KjgVVHI5F9nVwHCRwwA78Ty7zNKP4Wd9OeN5PSv3iu/F/u1RVXoOCgLhWqust6HmwQG6xc8c+RCyaWENy24+w=="],

    "@oxlint/binding-darwin-x64": ["@oxlint/binding-darwin-x64@1.70.0", "", { "os": "darwin", "cpu": "x64" }, "sha512-WVydssv5PSUBXFJTdNBWlmGkbNmvPGaFt/2SUT/EZRB6bq6bEOHmMlbnupZD5jmlEvi9+mZJHi8TCw15lyfSfQ=="],

    "@oxlint/binding-freebsd-x64": ["@oxlint/binding-freebsd-x64@1.70.0", "", { "os": "freebsd", "cpu": "x64" }, "sha512-hJucmUf8OlinHNb1R7fI4Fw6WsAstOz7i8nmkWQfiHoZXtbufNm+MxiDTIMk1ggh2Ro4vLzgQ+bKvRY54MZoRA=="],

    "@oxlint/binding-linux-arm-gnueabihf": ["@oxlint/binding-linux-arm-gnueabihf@1.70.0", "", { "os": "linux", "cpu": "arm" }, "sha512-1BnS7wbCYDSXwWzJJ+mc3NURoha6m6m6RT5c6vgAY3oz7C3OVXP+S0awo2mRq97arrJkVvO3qRQfyAHL+76xtQ=="],

    "@oxlint/binding-linux-arm-musleabihf": ["@oxlint/binding-linux-arm-musleabihf@1.70.0", "", { "os": "linux", "cpu": "arm" }, "sha512-yKy/UdbR55+M2yEcuiV5DCNC/gdQAjr/GioUy50QwBzSrKm8ueWADqyRLS9Xk+qjNeCYGg6A8FvUBds56ttfqg=="],

    "@oxlint/binding-linux-arm64-gnu": ["@oxlint/binding-linux-arm64-gnu@1.70.0", "", { "os": "linux", "cpu": "arm64" }, "sha512-0A5XJ4alvmqFUFP/4oYSyaO+qLto/HrKEWTSaegiVl+HOufFngK2BjYw9x4RbwBt/du5QG6l5q1zeWiJYYG5yg=="],

    "@oxlint/binding-linux-arm64-musl": ["@oxlint/binding-linux-arm64-musl@1.70.0", "", { "os": "linux", "cpu": "arm64" }, "sha512-JiylyurlB0CLSedNtx1gzv3FvfWPF1h/2Y3BJszPLNt5XQFlBsH5ke0Jle3iJb3uqu5m2e7A/DwzpuCAHdiU+A=="],

    "@oxlint/binding-linux-ppc64-gnu": ["@oxlint/binding-linux-ppc64-gnu@1.70.0", "", { "os": "linux", "cpu": "ppc64" }, "sha512-J8VPG7I3/HmgaU4u8pNU2kFx2+0U+vPLS1dXFxXOaR/2TQ0f8AC7DRz0SRGRI1bfphnX2hVYTTtLuhL4nYKL+Q=="],

    "@oxlint/binding-linux-riscv64-gnu": ["@oxlint/binding-linux-riscv64-gnu@1.70.0", "", { "os": "linux", "cpu": "none" }, "sha512-N2+4lV2KLN+oXTIIIwmWDhwkrnvqf5oX7Hw0zPjk+RuIVgiBQSOlJWF7uQoFx2siEYX0ZQ5cfSbEAHm+J3t7Wg=="],

    "@oxlint/binding-linux-riscv64-musl": ["@oxlint/binding-linux-riscv64-musl@1.70.0", "", { "os": "linux", "cpu": "none" }, "sha512-1e2L7cFCvx9QDzq6NPP+0tABKb5z6nWHyddWTNKprEsjO9xNrAtPowuCGpjNXxkTdsMiZ4jc8YQ5SstZd4XK6g=="],

    "@oxlint/binding-linux-s390x-gnu": ["@oxlint/binding-linux-s390x-gnu@1.70.0", "", { "os": "linux", "cpu": "s390x" }, "sha512-Kwu/l/8GcYibCWA9m9N5pRXMIKVSsL/YbgpLzYkqDhWTiqdRfnNJ/+nqIKRKQiFbHWsdlHEhzMwruJK+qcEruA=="],

    "@oxlint/binding-linux-x64-gnu": ["@oxlint/binding-linux-x64-gnu@1.70.0", "", { "os": "linux", "cpu": "x64" }, "sha512-tap04CsHYOl0nSAQJfPNIuBxqEPB2HnhQqwaOXLg1jnp2XfRo8Fa814dA4QC4zpvTWXCjAAaCY1W5LOORkEQuQ=="],

    "@oxlint/binding-linux-x64-musl": ["@oxlint/binding-linux-x64-musl@1.70.0", "", { "os": "linux", "cpu": "x64" }, "sha512-hzJa/WgvtJpbBD9rgfy0qe+MjbxOXNUT0bfR1S6EQQzfTtBFA9xg5q8KSwRrQ2QfSS+TaP4j+4mVPQrfNc6UNg=="],

    "@oxlint/binding-openharmony-arm64": ["@oxlint/binding-openharmony-arm64@1.70.0", "", { "os": "none", "cpu": "arm64" }, "sha512-xbsaNSNzVSnaJACCUYr1HQMyY/Q/Q1LkePmHG3UvZPvGCYGNxrsZp9OmtA6ick8xH47ltRRbRrPCM1YXYcyC+A=="],

    "@oxlint/binding-win32-arm64-msvc": ["@oxlint/binding-win32-arm64-msvc@1.70.0", "", { "os": "win32", "cpu": "arm64" }, "sha512-icAEsUI7JbW1TMRdEXV83mVAInhRVQYuuAlPpxdGwJ95chNdnCzjloRW8GglT0WvzOEZSio6fnYSk2DJ2Hv7LQ=="],

    "@oxlint/binding-win32-ia32-msvc": ["@oxlint/binding-win32-ia32-msvc@1.70.0", "", { "os": "win32", "cpu": "ia32" }, "sha512-FHMSWbVsPVs/f+Jcl04ws4JJ2wUnauyTzlpxWRG/lSO/8GpX08Fo2gQZqdA6CrRFI+zvkxl+N/KwJGWfUwYVZA=="],

    "@oxlint/binding-win32-x64-msvc": ["@oxlint/binding-win32-x64-msvc@1.70.0", "", { "os": "win32", "cpu": "x64" }, "sha512-ptOlKwCz7n4AKs5VweMqG6DAg677FmKOK+vBkkL9DMNgFATIQ+upqUYBTOEwRQyRAx1ncGlPlXleV2hIcm3z4g=="],

    "@rollup/rollup-linux-x64-gnu": ["@rollup/rollup-linux-x64-gnu@4.62.2", "", { "os": "linux", "cpu": "x64" }, "sha512-5BqxR/pshjey51iliyzTD5Xi3EN0aLmQ2lZ3lvefVV9c82BvrLo2/6OT55iifpWBufs6kdwWbuOKS841DrmK9A=="],

    "@types/bun": ["@types/bun@1.3.14", "", { "dependencies": { "bun-types": "1.3.14" } }, "sha512-h1hFqFVcvAvD9j9K7ZW7vd82aSA+rTdznZa+5bwvCwqSB1jmmfLcbIWhOLx1/+boy/xmjgCs/OMUL8hRJSmnPw=="],

    "@types/node": ["@types/node@26.0.0", "", { "dependencies": { "undici-types": "~8.3.0" } }, "sha512-vf2YFi1iY9lHGwNJMs01biZFbKJkrZR1T6/MlzjhJLPdntOHLhTrDSnSVcdtvjihi4VQNlrFRIxLsDBlQpAipA=="],

    "@ur-wesley/ts-prelude": ["@ur-wesley/ts-prelude@0.1.3", "", { "dependencies": { "consola": "^3.4.2", "neverthrow": "^8.2.0", "remeda": "^2.39.0", "ts-pattern": "^5.9.0" }, "peerDependencies": { "typescript": ">=5.0.0" } }, "sha512-Qer+OfWaLCZSndoJWJJonVR7q/2/5eMDTE1R/5vYhHR4i9sPUgVBaKuUcc1ZtcVak85teoJUd6bwRsz73Lk9Hg=="],

    "bun-types": ["bun-types@1.3.14", "", { "dependencies": { "@types/node": "*" } }, "sha512-4N0ig0fEomHt5R0KCFWjovxow98rIoRwKolrYdCcknNwMekCXRnWEUvgu5soYV8QXtVsrUD8B95MBOZGPvr6KQ=="],

    "commander": ["commander@15.0.0", "", {}, "sha512-z67u4ZhzCL/Tydu1lJARtEZYWbWaN7oYLHbsuzocr6y4N6WZAagG3RQ4FW61V1/0+jImpj293XfrcYnd1qxtPg=="],

    "consola": ["consola@3.4.2", "", {}, "sha512-5IKcdX0nnYavi6G7TtOhwkYzyjfJlatbjMjuLSfE2kYT5pMDOilZ4OvMhi637CcDICTmz3wARPoyhqyX1Y+XvA=="],

    "fast-string-truncated-width": ["fast-string-truncated-width@3.0.3", "", {}, "sha512-0jjjIEL6+0jag3l2XWWizO64/aZVtpiGE3t0Zgqxv0DPuxiMjvB3M24fCyhZUO4KomJQPj3LTSUnDP3GpdwC0g=="],

    "fast-string-width": ["fast-string-width@3.0.2", "", { "dependencies": { "fast-string-truncated-width": "^3.0.2" } }, "sha512-gX8LrtNEI5hq8DVUfRQMbr5lpaS4nMIWV+7XEbXk2b8kiQIizgnlr12B4dA3ZEx3308ze0O4Q1R+cHts8kyUJg=="],

    "fast-wrap-ansi": ["fast-wrap-ansi@0.2.2", "", { "dependencies": { "fast-string-width": "^3.0.2" } }, "sha512-7F2Fl+TjRSenLqlU3UjSH0iyqopqoZIu7eZVpEirP2g1GtWa2G/ecEmBdgz31+Mxr+ELclgg6sokpSFIQiZ02Q=="],

    "neverthrow": ["neverthrow@8.2.0", "", { "optionalDependencies": { "@rollup/rollup-linux-x64-gnu": "^4.24.0" } }, "sha512-kOCT/1MCPAxY5iUV3wytNFUMUolzuwd/VF/1KCx7kf6CutrOsTie+84zTGTpgQycjvfLdBBdvBvFLqFD2c0wkQ=="],

    "oxfmt": ["oxfmt@0.55.0", "", { "dependencies": { "tinypool": "2.1.0" }, "optionalDependencies": { "@oxfmt/binding-android-arm-eabi": "0.55.0", "@oxfmt/binding-android-arm64": "0.55.0", "@oxfmt/binding-darwin-arm64": "0.55.0", "@oxfmt/binding-darwin-x64": "0.55.0", "@oxfmt/binding-freebsd-x64": "0.55.0", "@oxfmt/binding-linux-arm-gnueabihf": "0.55.0", "@oxfmt/binding-linux-arm-musleabihf": "0.55.0", "@oxfmt/binding-linux-arm64-gnu": "0.55.0", "@oxfmt/binding-linux-arm64-musl": "0.55.0", "@oxfmt/binding-linux-ppc64-gnu": "0.55.0", "@oxfmt/binding-linux-riscv64-gnu": "0.55.0", "@oxfmt/binding-linux-riscv64-musl": "0.55.0", "@oxfmt/binding-linux-s390x-gnu": "0.55.0", "@oxfmt/binding-linux-x64-gnu": "0.55.0", "@oxfmt/binding-linux-x64-musl": "0.55.0", "@oxfmt/binding-openharmony-arm64": "0.55.0", "@oxfmt/binding-win32-arm64-msvc": "0.55.0", "@oxfmt/binding-win32-ia32-msvc": "0.55.0", "@oxfmt/binding-win32-x64-msvc": "0.55.0" }, "peerDependencies": { "svelte": "^5.0.0", "vite-plus": "*" }, "optionalPeers": ["svelte", "vite-plus"], "bin": { "oxfmt": "bin/oxfmt" } }, "sha512-jSj2wCTakwgPMxkfiVZX0jf+nX+Nz6xlyAZjqNE0qXTFdCBPYlP6JAN+ODjmealw7DXBjOzYbdsqwBMAZnPZ6A=="],

    "oxlint": ["oxlint@1.70.0", "", { "optionalDependencies": { "@oxlint/binding-android-arm-eabi": "1.70.0", "@oxlint/binding-android-arm64": "1.70.0", "@oxlint/binding-darwin-arm64": "1.70.0", "@oxlint/binding-darwin-x64": "1.70.0", "@oxlint/binding-freebsd-x64": "1.70.0", "@oxlint/binding-linux-arm-gnueabihf": "1.70.0", "@oxlint/binding-linux-arm-musleabihf": "1.70.0", "@oxlint/binding-linux-arm64-gnu": "1.70.0", "@oxlint/binding-linux-arm64-musl": "1.70.0", "@oxlint/binding-linux-ppc64-gnu": "1.70.0", "@oxlint/binding-linux-riscv64-gnu": "1.70.0", "@oxlint/binding-linux-riscv64-musl": "1.70.0", "@oxlint/binding-linux-s390x-gnu": "1.70.0", "@oxlint/binding-linux-x64-gnu": "1.70.0", "@oxlint/binding-linux-x64-musl": "1.70.0", "@oxlint/binding-openharmony-arm64": "1.70.0", "@oxlint/binding-win32-arm64-msvc": "1.70.0", "@oxlint/binding-win32-ia32-msvc": "1.70.0", "@oxlint/binding-win32-x64-msvc": "1.70.0" }, "peerDependencies": { "oxlint-tsgolint": ">=0.22.1", "vite-plus": "*" }, "optionalPeers": ["oxlint-tsgolint", "vite-plus"], "bin": { "oxlint": "bin/oxlint" } }, "sha512-D6JgHtzkhRwvEC+A0Nw5AEc5bk8x5i1pHzvZIEf/a0C4hOzmAACNGtkDGPyFaxxX3ZVGxCPeig3P3rMM8XU3/g=="],

    "remeda": ["remeda@2.39.0", "", {}, "sha512-3Ki8dU1o3OVu4dwIQ2Pj+yiuP7OnEbmWAGmJ3yDRqopily5jsj8NWzPvbS89H85d6UdONKEcUnrfuHY6jN9vyw=="],

    "sisteransi": ["sisteransi@1.0.5", "", {}, "sha512-bLGGlR1QxBcynn2d5YmDX4MGjlZvy2MRBDRNHLJ8VI6l6+9FUiyTFNJ0IveOSP0bcXgVDPRcfGqA0pjaqUpfVg=="],

    "tinypool": ["tinypool@2.1.0", "", {}, "sha512-Pugqs6M0m7Lv1I7FtxN4aoyToKg1C4tu+/381vH35y8oENM/Ai7f7C4StcoK4/+BSw9ebcS8jRiVrORFKCALLw=="],

    "ts-pattern": ["ts-pattern@5.9.0", "", {}, "sha512-6s5V71mX8qBUmlgbrfL33xDUwO0fq48rxAu2LBE11WBeGdpCPOsXksQbZJHvHwhrd3QjUusd3mAOM5Gg0mFBLg=="],

    "typescript": ["typescript@6.0.3", "", { "bin": { "tsc": "bin/tsc", "tsserver": "bin/tsserver" } }, "sha512-y2TvuxSZPDyQakkFRPZHKFm+KKVqIisdg9/CZwm9ftvKXLP8NRWj38/ODjNbr43SsoXqNuAisEf1GdCxqWcdBw=="],

    "undici-types": ["undici-types@8.3.0", "", {}, "sha512-j375ScV60dom+YkPFIfTLcOiPxkN/buHz5GobjLhixFuANaNs3C9l4GmrWqejgXWJ7BbJcFYpTEUkS1Ge8bpZQ=="],

    "valibot": ["valibot@1.4.1", "", { "peerDependencies": { "typescript": ">=5" }, "optionalPeers": ["typescript"] }, "sha512-klCmFTz2jeDluy9RwX+F884TCiogtdBJ/YaxSx1EOBYXa3NXNWj8kR1jjN8rzluwojJVWWaHJ4r1U5LfICnM3g=="],
  }
}
